
Microsoft Visual Studio Solution File, Format Version 12.00
# Visual Studio Version 16
VisualStudioVersion = 16.0.30114.105
MinimumVisualStudioVersion = 10.0.40219.1
Project("{FAE04EC0-301F-11D3-BF4B-00C04F79EFBC}") = "numberGuesser", "numberGuesser.csproj", "{5922DF57-8AFF-4D13-A77D-C65D4F51B9FF}"
EndProject
Global
	GlobalSection(SolutionConfigurationPlatforms) = preSolution
		Debug|Any CPU = Debug|Any CPU
		Release|Any CPU = Release|Any CPU
	EndGlobalSection
	GlobalSection(ProjectConfigurationPlatforms) = postSolution
		{5922DF57-8AFF-4D13-A77D-C65D4F51B9FF}.Debug|Any CPU.ActiveCfg = Debug|Any CPU
		{5922DF57-8AFF-4D13-A77D-C65D4F51B9FF}.Debug|Any CPU.Build.0 = Debug|Any CPU
		{5922DF57-8AFF-4D13-A77D-C65D4F51B9FF}.Release|Any CPU.ActiveCfg = Release|Any CPU
		{5922DF57-8AFF-4D13-A77D-C65D4F51B9FF}.Release|Any CPU.Build.0 = Release|Any CPU
	EndGlobalSection
	GlobalSection(SolutionProperties) = preSolution
		HideSolutionNode = FALSE
	EndGlobalSection
	GlobalSection(ExtensibilityGlobals) = postSolution
		SolutionGuid = {356324EF-5CE5-475B-BF80-2938818DC64C}
	EndGlobalSection
EndGlobal
